// !$*UTF8*$!
{
	archiveVersion = 1;
	classes = {
	};
	objectVersion = 50;
	objects = {

/* Begin PBXBuildFile section */
		9EB264C15159A0E2C72CAF5B /* Pods_WeatherAppTests.framework in Frameworks */ = {isa = PBXBuildFile; fileRef = CA6F44C80EE461F99544F3E9 /* Pods_WeatherAppTests.framework */; };
		BF4A98FD22C4692400C378EA /* WeatherApi.swift in Sources */ = {isa = PBXBuildFile; fileRef = BF4A98FC22C4692400C378EA /* WeatherApi.swift */; };
		BF73A44222C1E542001532ED /* AppDelegate.swift in Sources */ = {isa = PBXBuildFile; fileRef = BF73A44122C1E542001532ED /* AppDelegate.swift */; };
		BF73A44722C1E542001532ED /* Main.storyboard in Resources */ = {isa = PBXBuildFile; fileRef = BF73A44522C1E542001532ED /* Main.storyboard */; };
		BF73A44C22C1E543001532ED /* LaunchScreen.storyboard in Resources */ = {isa = PBXBuildFile; fileRef = BF73A44A22C1E543001532ED /* LaunchScreen.storyboard */; };
		BF73A47022C1FF9E001532ED /* Coordinator.swift in Sources */ = {isa = PBXBuildFile; fileRef = BF73A46F22C1FF9E001532ED /* Coordinator.swift */; };
		BF73A47222C1FFAA001532ED /* AppCoordinator.swift in Sources */ = {isa = PBXBuildFile; fileRef = BF73A47122C1FFAA001532ED /* AppCoordinator.swift */; };
		BF73A47E22C202C2001532ED /* StoryboardIdentifiable.swift in Sources */ = {isa = PBXBuildFile; fileRef = BF73A47D22C202C2001532ED /* StoryboardIdentifiable.swift */; };
		BF73A48022C2045F001532ED /* UIStoryboard+InstantiateViewController.swift in Sources */ = {isa = PBXBuildFile; fileRef = BF73A47F22C2045F001532ED /* UIStoryboard+InstantiateViewController.swift */; };
		BF73A48522C208F2001532ED /* UIViewController+StoryboardIdentifiable.swift in Sources */ = {isa = PBXBuildFile; fileRef = BF73A48422C208F2001532ED /* UIViewController+StoryboardIdentifiable.swift */; };
		BF73A48722C23A18001532ED /* WeatherSearchTableViewController.swift in Sources */ = {isa = PBXBuildFile; fileRef = BF73A48622C23A18001532ED /* WeatherSearchTableViewController.swift */; };
		BF73A48922C23A38001532ED /* WeatherSearchCoordinator.swift in Sources */ = {isa = PBXBuildFile; fileRef = BF73A48822C23A38001532ED /* WeatherSearchCoordinator.swift */; };
		BF73A48B22C23DD6001532ED /* Search.storyboard in Resources */ = {isa = PBXBuildFile; fileRef = BF73A48A22C23DD6001532ED /* Search.storyboard */; };
		BF73A49422C2FC50001532ED /* Weather.swift in Sources */ = {isa = PBXBuildFile; fileRef = BF73A49322C2FC50001532ED /* Weather.swift */; };
		BF73A49622C2FCDA001532ED /* Wind.swift in Sources */ = {isa = PBXBuildFile; fileRef = BF73A49522C2FCDA001532ED /* Wind.swift */; };
		BF73A49822C36CF4001532ED /* WeatherModelTests.swift in Sources */ = {isa = PBXBuildFile; fileRef = BF73A49722C36CF4001532ED /* WeatherModelTests.swift */; };
		BF73A49B22C36EFD001532ED /* WeatherResponseExample.json in Resources */ = {isa = PBXBuildFile; fileRef = BF73A49922C36DD5001532ED /* WeatherResponseExample.json */; };
		BF80C57222C5E1BF007ECE50 /* WeatherSearchViewModel.swift in Sources */ = {isa = PBXBuildFile; fileRef = BF80C57122C5E1BF007ECE50 /* WeatherSearchViewModel.swift */; };
		BF80C57422C5E1F7007ECE50 /* WeatherSearchViewModelTests.swift in Sources */ = {isa = PBXBuildFile; fileRef = BF80C57322C5E1F7007ECE50 /* WeatherSearchViewModelTests.swift */; };
		BF80C57822C5F335007ECE50 /* WeatherSearchTableViewCell.swift in Sources */ = {isa = PBXBuildFile; fileRef = BF80C57622C5F335007ECE50 /* WeatherSearchTableViewCell.swift */; };
		BF80C57922C5F335007ECE50 /* WeatherSearchTableViewCell.xib in Resources */ = {isa = PBXBuildFile; fileRef = BF80C57722C5F335007ECE50 /* WeatherSearchTableViewCell.xib */; };
		BF80C57B22C5FE12007ECE50 /* Assets.xcassets in Resources */ = {isa = PBXBuildFile; fileRef = BF80C57A22C5FE12007ECE50 /* Assets.xcassets */; };
		BF80C57D22C60348007ECE50 /* WeatherDetailCoordinator.swift in Sources */ = {isa = PBXBuildFile; fileRef = BF80C57C22C60348007ECE50 /* WeatherDetailCoordinator.swift */; };
		BF80C57F22C603EF007ECE50 /* WeatherDetailViewModel.swift in Sources */ = {isa = PBXBuildFile; fileRef = BF80C57E22C603EF007ECE50 /* WeatherDetailViewModel.swift */; };
		BF80C58122C6059A007ECE50 /* WeatherDetailViewController.swift in Sources */ = {isa = PBXBuildFile; fileRef = BF80C58022C6059A007ECE50 /* WeatherDetailViewController.swift */; };
		BF80C58322C605B3007ECE50 /* Detail.storyboard in Resources */ = {isa = PBXBuildFile; fileRef = BF80C58222C605B3007ECE50 /* Detail.storyboard */; };
		BF80C58522C60911007ECE50 /* WeatherSearch.swift in Sources */ = {isa = PBXBuildFile; fileRef = BF80C58422C60911007ECE50 /* WeatherSearch.swift */; };
		BF80C58722C61450007ECE50 /* WeatherSearchHistoryStorage.swift in Sources */ = {isa = PBXBuildFile; fileRef = BF80C58622C61450007ECE50 /* WeatherSearchHistoryStorage.swift */; };
		BF80C58B22C62205007ECE50 /* CLLocationManager+LocationManager.swift in Sources */ = {isa = PBXBuildFile; fileRef = BF80C58A22C62205007ECE50 /* CLLocationManager+LocationManager.swift */; };
		BF80C58F22C62E72007ECE50 /* WeatherDetailViewModelTests.swift in Sources */ = {isa = PBXBuildFile; fileRef = BF80C58E22C62E72007ECE50 /* WeatherDetailViewModelTests.swift */; };
		BF99408122C373E800FD8B58 /* GeoLocation.swift in Sources */ = {isa = PBXBuildFile; fileRef = BF99408022C373E800FD8B58 /* GeoLocation.swift */; };
		BF99408322C375E400FD8B58 /* Clouds.swift in Sources */ = {isa = PBXBuildFile; fileRef = BF99408222C375E400FD8B58 /* Clouds.swift */; };
		BF99408522C376BF00FD8B58 /* Rain.swift in Sources */ = {isa = PBXBuildFile; fileRef = BF99408422C376BF00FD8B58 /* Rain.swift */; };
		BF99408722C3775A00FD8B58 /* Snow.swift in Sources */ = {isa = PBXBuildFile; fileRef = BF99408622C3775A00FD8B58 /* Snow.swift */; };
		BF99408922C377E700FD8B58 /* WeatherDetail.swift in Sources */ = {isa = PBXBuildFile; fileRef = BF99408822C377E700FD8B58 /* WeatherDetail.swift */; };
		BF99408B22C37C6400FD8B58 /* WeatherCondition.swift in Sources */ = {isa = PBXBuildFile; fileRef = BF99408A22C37C6400FD8B58 /* WeatherCondition.swift */; };
		BF99408D22C37F0300FD8B58 /* ServiceType.swift in Sources */ = {isa = PBXBuildFile; fileRef = BF99408C22C37F0300FD8B58 /* ServiceType.swift */; };
		BF99408F22C37F8E00FD8B58 /* HTTPMethod.swift in Sources */ = {isa = PBXBuildFile; fileRef = BF99408E22C37F8E00FD8B58 /* HTTPMethod.swift */; };
		BF99409222C381D900FD8B58 /* HTTPTask.swift in Sources */ = {isa = PBXBuildFile; fileRef = BF99409122C381D900FD8B58 /* HTTPTask.swift */; };
		BF99409422C3828700FD8B58 /* HTTPHeaders.swift in Sources */ = {isa = PBXBuildFile; fileRef = BF99409322C3828700FD8B58 /* HTTPHeaders.swift */; };
		BF99409722C382D400FD8B58 /* Parameters.swift in Sources */ = {isa = PBXBuildFile; fileRef = BF99409622C382D400FD8B58 /* Parameters.swift */; };
		BF99409922C3836D00FD8B58 /* ParameterEncoder.swift in Sources */ = {isa = PBXBuildFile; fileRef = BF99409822C3836D00FD8B58 /* ParameterEncoder.swift */; };
		BF99409B22C383C300FD8B58 /* NetworkError.swift in Sources */ = {isa = PBXBuildFile; fileRef = BF99409A22C383C300FD8B58 /* NetworkError.swift */; };
		BF99409D22C3840900FD8B58 /* URLParameterEncoder.swift in Sources */ = {isa = PBXBuildFile; fileRef = BF99409C22C3840900FD8B58 /* URLParameterEncoder.swift */; };
		BF9940A122C387A700FD8B58 /* NetworkRouterTests.swift in Sources */ = {isa = PBXBuildFile; fileRef = BF9940A022C387A700FD8B58 /* NetworkRouterTests.swift */; };
		BF9940A322C3890700FD8B58 /* NetworkRoutable.swift in Sources */ = {isa = PBXBuildFile; fileRef = BF9940A222C3890700FD8B58 /* NetworkRoutable.swift */; };
		BF9940A522C38A4400FD8B58 /* NetworkRouter.swift in Sources */ = {isa = PBXBuildFile; fileRef = BF9940A422C38A4400FD8B58 /* NetworkRouter.swift */; };
		BF9940A722C38C4100FD8B58 /* URLSessionProtocol.swift in Sources */ = {isa = PBXBuildFile; fileRef = BF9940A622C38C4100FD8B58 /* URLSessionProtocol.swift */; };
		BF9940AB22C3917A00FD8B58 /* JSONParameterEncoder.swift in Sources */ = {isa = PBXBuildFile; fileRef = BF9940AA22C3917A00FD8B58 /* JSONParameterEncoder.swift */; };
		BFC2866A22C5C43C001BF8A9 /* NetworkResponse.swift in Sources */ = {isa = PBXBuildFile; fileRef = BFC2866922C5C43C001BF8A9 /* NetworkResponse.swift */; };
		BFC2867522C5D438001BF8A9 /* URLSessionDataTaskProtocol.swift in Sources */ = {isa = PBXBuildFile; fileRef = BFC2867422C5D438001BF8A9 /* URLSessionDataTaskProtocol.swift */; };
		CF87C33F53630018C2ECC559 /* Pods_WeatherApp.framework in Frameworks */ = {isa = PBXBuildFile; fileRef = E7BEFBD0F302D4F32F2827F0 /* Pods_WeatherApp.framework */; };
/* End PBXBuildFile section */

/* Begin PBXContainerItemProxy section */
		BF73A45322C1E543001532ED /* PBXContainerItemProxy */ = {
			isa = PBXContainerItemProxy;
			containerPortal = BF73A43622C1E542001532ED /* Project object */;
			proxyType = 1;
			remoteGlobalIDString = BF73A43D22C1E542001532ED;
			remoteInfo = WeatherApp;
		};
/* End PBXContainerItemProxy section */

/* Begin PBXFileReference section */
		0077455D7B6B02C36EE1B770 /* Pods-WeatherApp.debug.xcconfig */ = {isa = PBXFileReference; includeInIndex = 1; lastKnownFileType = text.xcconfig; name = "Pods-WeatherApp.debug.xcconfig"; path = "Target Support Files/Pods-WeatherApp/Pods-WeatherApp.debug.xcconfig"; sourceTree = "<group>"; };
		0726581620AA3FB583313A32 /* Pods-WeatherAppTests.debug.xcconfig */ = {isa = PBXFileReference; includeInIndex = 1; lastKnownFileType = text.xcconfig; name = "Pods-WeatherAppTests.debug.xcconfig"; path = "Target Support Files/Pods-WeatherAppTests/Pods-WeatherAppTests.debug.xcconfig"; sourceTree = "<group>"; };
		3464A0D1C926B7AA3CDEC4FA /* Pods-WeatherAppTests.release.xcconfig */ = {isa = PBXFileReference; includeInIndex = 1; lastKnownFileType = text.xcconfig; name = "Pods-WeatherAppTests.release.xcconfig"; path = "Target Support Files/Pods-WeatherAppTests/Pods-WeatherAppTests.release.xcconfig"; sourceTree = "<group>"; };
		BF4A98FC22C4692400C378EA /* WeatherApi.swift */ = {isa = PBXFileReference; lastKnownFileType = sourcecode.swift; path = WeatherApi.swift; sourceTree = "<group>"; };
		BF73A43E22C1E542001532ED /* WeatherApp.app */ = {isa = PBXFileReference; explicitFileType = wrapper.application; includeInIndex = 0; path = WeatherApp.app; sourceTree = BUILT_PRODUCTS_DIR; };
		BF73A44122C1E542001532ED /* AppDelegate.swift */ = {isa = PBXFileReference; lastKnownFileType = sourcecode.swift; path = AppDelegate.swift; sourceTree = "<group>"; };
		BF73A44622C1E542001532ED /* Base */ = {isa = PBXFileReference; lastKnownFileType = file.storyboard; name = Base; path = Base.lproj/Main.storyboard; sourceTree = "<group>"; };
		BF73A44B22C1E543001532ED /* Base */ = {isa = PBXFileReference; lastKnownFileType = file.storyboard; name = Base; path = Base.lproj/LaunchScreen.storyboard; sourceTree = "<group>"; };
		BF73A44D22C1E543001532ED /* Info.plist */ = {isa = PBXFileReference; lastKnownFileType = text.plist.xml; path = Info.plist; sourceTree = "<group>"; };
		BF73A45222C1E543001532ED /* WeatherAppTests.xctest */ = {isa = PBXFileReference; explicitFileType = wrapper.cfbundle; includeInIndex = 0; path = WeatherAppTests.xctest; sourceTree = BUILT_PRODUCTS_DIR; };
		BF73A45822C1E544001532ED /* Info.plist */ = {isa = PBXFileReference; lastKnownFileType = text.plist.xml; path = Info.plist; sourceTree = "<group>"; };
		BF73A46F22C1FF9E001532ED /* Coordinator.swift */ = {isa = PBXFileReference; lastKnownFileType = sourcecode.swift; path = Coordinator.swift; sourceTree = "<group>"; };
		BF73A47122C1FFAA001532ED /* AppCoordinator.swift */ = {isa = PBXFileReference; lastKnownFileType = sourcecode.swift; path = AppCoordinator.swift; sourceTree = "<group>"; };
		BF73A47D22C202C2001532ED /* StoryboardIdentifiable.swift */ = {isa = PBXFileReference; lastKnownFileType = sourcecode.swift; path = StoryboardIdentifiable.swift; sourceTree = "<group>"; };
		BF73A47F22C2045F001532ED /* UIStoryboard+InstantiateViewController.swift */ = {isa = PBXFileReference; lastKnownFileType = sourcecode.swift; path = "UIStoryboard+InstantiateViewController.swift"; sourceTree = "<group>"; };
		BF73A48422C208F2001532ED /* UIViewController+StoryboardIdentifiable.swift */ = {isa = PBXFileReference; lastKnownFileType = sourcecode.swift; path = "UIViewController+StoryboardIdentifiable.swift"; sourceTree = "<group>"; };
		BF73A48622C23A18001532ED /* WeatherSearchTableViewController.swift */ = {isa = PBXFileReference; lastKnownFileType = sourcecode.swift; path = WeatherSearchTableViewController.swift; sourceTree = "<group>"; };
		BF73A48822C23A38001532ED /* WeatherSearchCoordinator.swift */ = {isa = PBXFileReference; lastKnownFileType = sourcecode.swift; path = WeatherSearchCoordinator.swift; sourceTree = "<group>"; };
		BF73A48A22C23DD6001532ED /* Search.storyboard */ = {isa = PBXFileReference; lastKnownFileType = file.storyboard; path = Search.storyboard; sourceTree = "<group>"; };
		BF73A49322C2FC50001532ED /* Weather.swift */ = {isa = PBXFileReference; lastKnownFileType = sourcecode.swift; path = Weather.swift; sourceTree = "<group>"; };
		BF73A49522C2FCDA001532ED /* Wind.swift */ = {isa = PBXFileReference; lastKnownFileType = sourcecode.swift; path = Wind.swift; sourceTree = "<group>"; };
		BF73A49722C36CF4001532ED /* WeatherModelTests.swift */ = {isa = PBXFileReference; lastKnownFileType = sourcecode.swift; path = WeatherModelTests.swift; sourceTree = "<group>"; };
		BF73A49922C36DD5001532ED /* WeatherResponseExample.json */ = {isa = PBXFileReference; lastKnownFileType = text.json; path = WeatherResponseExample.json; sourceTree = "<group>"; };
		BF80C57122C5E1BF007ECE50 /* WeatherSearchViewModel.swift */ = {isa = PBXFileReference; lastKnownFileType = sourcecode.swift; path = WeatherSearchViewModel.swift; sourceTree = "<group>"; };
		BF80C57322C5E1F7007ECE50 /* WeatherSearchViewModelTests.swift */ = {isa = PBXFileReference; lastKnownFileType = sourcecode.swift; path = WeatherSearchViewModelTests.swift; sourceTree = "<group>"; };
		BF80C57622C5F335007ECE50 /* WeatherSearchTableViewCell.swift */ = {isa = PBXFileReference; lastKnownFileType = sourcecode.swift; path = WeatherSearchTableViewCell.swift; sourceTree = "<group>"; };
		BF80C57722C5F335007ECE50 /* WeatherSearchTableViewCell.xib */ = {isa = PBXFileReference; lastKnownFileType = file.xib; path = WeatherSearchTableViewCell.xib; sourceTree = "<group>"; };
		BF80C57A22C5FE12007ECE50 /* Assets.xcassets */ = {isa = PBXFileReference; lastKnownFileType = folder.assetcatalog; path = Assets.xcassets; sourceTree = "<group>"; };
		BF80C57C22C60348007ECE50 /* WeatherDetailCoordinator.swift */ = {isa = PBXFileReference; lastKnownFileType = sourcecode.swift; path = WeatherDetailCoordinator.swift; sourceTree = "<group>"; };
		BF80C57E22C603EF007ECE50 /* WeatherDetailViewModel.swift */ = {isa = PBXFileReference; lastKnownFileType = sourcecode.swift; path = WeatherDetailViewModel.swift; sourceTree = "<group>"; };
		BF80C58022C6059A007ECE50 /* WeatherDetailViewController.swift */ = {isa = PBXFileReference; lastKnownFileType = sourcecode.swift; path = WeatherDetailViewController.swift; sourceTree = "<group>"; };
		BF80C58222C605B3007ECE50 /* Detail.storyboard */ = {isa = PBXFileReference; lastKnownFileType = file.storyboard; path = Detail.storyboard; sourceTree = "<group>"; };
		BF80C58422C60911007ECE50 /* WeatherSearch.swift */ = {isa = PBXFileReference; lastKnownFileType = sourcecode.swift; path = WeatherSearch.swift; sourceTree = "<group>"; };
		BF80C58622C61450007ECE50 /* WeatherSearchHistoryStorage.swift */ = {isa = PBXFileReference; lastKnownFileType = sourcecode.swift; path = WeatherSearchHistoryStorage.swift; sourceTree = "<group>"; };
		BF80C58A22C62205007ECE50 /* CLLocationManager+LocationManager.swift */ = {isa = PBXFileReference; lastKnownFileType = sourcecode.swift; path = "CLLocationManager+LocationManager.swift"; sourceTree = "<group>"; };
		BF80C58E22C62E72007ECE50 /* WeatherDetailViewModelTests.swift */ = {isa = PBXFileReference; lastKnownFileType = sourcecode.swift; path = WeatherDetailViewModelTests.swift; sourceTree = "<group>"; };
		BF99408022C373E800FD8B58 /* GeoLocation.swift */ = {isa = PBXFileReference; lastKnownFileType = sourcecode.swift; path = GeoLocation.swift; sourceTree = "<group>"; };
		BF99408222C375E400FD8B58 /* Clouds.swift */ = {isa = PBXFileReference; lastKnownFileType = sourcecode.swift; path = Clouds.swift; sourceTree = "<group>"; };
		BF99408422C376BF00FD8B58 /* Rain.swift */ = {isa = PBXFileReference; lastKnownFileType = sourcecode.swift; path = Rain.swift; sourceTree = "<group>"; };
		BF99408622C3775A00FD8B58 /* Snow.swift */ = {isa = PBXFileReference; lastKnownFileType = sourcecode.swift; path = Snow.swift; sourceTree = "<group>"; };
		BF99408822C377E700FD8B58 /* WeatherDetail.swift */ = {isa = PBXFileReference; lastKnownFileType = sourcecode.swift; path = WeatherDetail.swift; sourceTree = "<group>"; };
		BF99408A22C37C6400FD8B58 /* WeatherCondition.swift */ = {isa = PBXFileReference; lastKnownFileType = sourcecode.swift; path = WeatherCondition.swift; sourceTree = "<group>"; };
		BF99408C22C37F0300FD8B58 /* ServiceType.swift */ = {isa = PBXFileReference; lastKnownFileType = sourcecode.swift; path = ServiceType.swift; sourceTree = "<group>"; };
		BF99408E22C37F8E00FD8B58 /* HTTPMethod.swift */ = {isa = PBXFileReference; lastKnownFileType = sourcecode.swift; path = HTTPMethod.swift; sourceTree = "<group>"; };
		BF99409122C381D900FD8B58 /* HTTPTask.swift */ = {isa = PBXFileReference; lastKnownFileType = sourcecode.swift; path = HTTPTask.swift; sourceTree = "<group>"; };
		BF99409322C3828700FD8B58 /* HTTPHeaders.swift */ = {isa = PBXFileReference; lastKnownFileType = sourcecode.swift; path = HTTPHeaders.swift; sourceTree = "<group>"; };
		BF99409622C382D400FD8B58 /* Parameters.swift */ = {isa = PBXFileReference; lastKnownFileType = sourcecode.swift; path = Parameters.swift; sourceTree = "<group>"; };
		BF99409822C3836D00FD8B58 /* ParameterEncoder.swift */ = {isa = PBXFileReference; lastKnownFileType = sourcecode.swift; path = ParameterEncoder.swift; sourceTree = "<group>"; };
		BF99409A22C383C300FD8B58 /* NetworkError.swift */ = {isa = PBXFileReference; lastKnownFileType = sourcecode.swift; path = NetworkError.swift; sourceTree = "<group>"; };
		BF99409C22C3840900FD8B58 /* URLParameterEncoder.swift */ = {isa = PBXFileReference; lastKnownFileType = sourcecode.swift; path = URLParameterEncoder.swift; sourceTree = "<group>"; };
		BF9940A022C387A700FD8B58 /* NetworkRouterTests.swift */ = {isa = PBXFileReference; lastKnownFileType = sourcecode.swift; path = NetworkRouterTests.swift; sourceTree = "<group>"; };
		BF9940A222C3890700FD8B58 /* NetworkRoutable.swift */ = {isa = PBXFileReference; lastKnownFileType = sourcecode.swift; path = NetworkRoutable.swift; sourceTree = "<group>"; };
		BF9940A422C38A4400FD8B58 /* NetworkRouter.swift */ = {isa = PBXFileReference; lastKnownFileType = sourcecode.swift; path = NetworkRouter.swift; sourceTree = "<group>"; };
		BF9940A622C38C4100FD8B58 /* URLSessionProtocol.swift */ = {isa = PBXFileReference; lastKnownFileType = sourcecode.swift; path = URLSessionProtocol.swift; sourceTree = "<group>"; };
		BF9940AA22C3917A00FD8B58 /* JSONParameterEncoder.swift */ = {isa = PBXFileReference; lastKnownFileType = sourcecode.swift; path = JSONParameterEncoder.swift; sourceTree = "<group>"; };
		BFC2866922C5C43C001BF8A9 /* NetworkResponse.swift */ = {isa = PBXFileReference; lastKnownFileType = sourcecode.swift; path = NetworkResponse.swift; sourceTree = "<group>"; };
		BFC2867422C5D438001BF8A9 /* URLSessionDataTaskProtocol.swift */ = {isa = PBXFileReference; lastKnownFileType = sourcecode.swift; path = URLSessionDataTaskProtocol.swift; sourceTree = "<group>"; };
		CA6F44C80EE461F99544F3E9 /* Pods_WeatherAppTests.framework */ = {isa = PBXFileReference; explicitFileType = wrapper.framework; includeInIndex = 0; path = Pods_WeatherAppTests.framework; sourceTree = BUILT_PRODUCTS_DIR; };
		D7EB6E4F5F4DCC6D1029BBFF /* Pods-WeatherApp.release.xcconfig */ = {isa = PBXFileReference; includeInIndex = 1; lastKnownFileType = text.xcconfig; name = "Pods-WeatherApp.release.xcconfig"; path = "Target Support Files/Pods-WeatherApp/Pods-WeatherApp.release.xcconfig"; sourceTree = "<group>"; };
		E7BEFBD0F302D4F32F2827F0 /* Pods_WeatherApp.framework */ = {isa = PBXFileReference; explicitFileType = wrapper.framework; includeInIndex = 0; path = Pods_WeatherApp.framework; sourceTree = BUILT_PRODUCTS_DIR; };
/* End PBXFileReference section */

/* Begin PBXFrameworksBuildPhase section */
		BF73A43B22C1E542001532ED /* Frameworks */ = {
			isa = PBXFrameworksBuildPhase;
			buildActionMask = 2147483647;
			files = (
				CF87C33F53630018C2ECC559 /* Pods_WeatherApp.framework in Frameworks */,
			);
			runOnlyForDeploymentPostprocessing = 0;
		};
		BF73A44F22C1E543001532ED /* Frameworks */ = {
			isa = PBXFrameworksBuildPhase;
			buildActionMask = 2147483647;
			files = (
				9EB264C15159A0E2C72CAF5B /* Pods_WeatherAppTests.framework in Frameworks */,
			);
			runOnlyForDeploymentPostprocessing = 0;
		};
/* End PBXFrameworksBuildPhase section */

/* Begin PBXGroup section */
		8058FB3A5A9CA185AAE62B90 /* Frameworks */ = {
			isa = PBXGroup;
			children = (
				E7BEFBD0F302D4F32F2827F0 /* Pods_WeatherApp.framework */,
				CA6F44C80EE461F99544F3E9 /* Pods_WeatherAppTests.framework */,
			);
			name = Frameworks;
			sourceTree = "<group>";
		};
		9A9FC244F7F3779F67C5E4E3 /* Pods */ = {
			isa = PBXGroup;
			children = (
				0077455D7B6B02C36EE1B770 /* Pods-WeatherApp.debug.xcconfig */,
				D7EB6E4F5F4DCC6D1029BBFF /* Pods-WeatherApp.release.xcconfig */,
				0726581620AA3FB583313A32 /* Pods-WeatherAppTests.debug.xcconfig */,
				3464A0D1C926B7AA3CDEC4FA /* Pods-WeatherAppTests.release.xcconfig */,
			);
			path = Pods;
			sourceTree = "<group>";
		};
		BF4A98FB22C45E1E00C378EA /* EndPoint */ = {
			isa = PBXGroup;
			children = (
				BF4A98FC22C4692400C378EA /* WeatherApi.swift */,
			);
			path = EndPoint;
			sourceTree = "<group>";
		};
		BF73A43522C1E542001532ED = {
			isa = PBXGroup;
			children = (
				BF73A44022C1E542001532ED /* WeatherApp */,
				BF73A45522C1E544001532ED /* WeatherAppTests */,
				BF73A43F22C1E542001532ED /* Products */,
				9A9FC244F7F3779F67C5E4E3 /* Pods */,
				8058FB3A5A9CA185AAE62B90 /* Frameworks */,
			);
			sourceTree = "<group>";
		};
		BF73A43F22C1E542001532ED /* Products */ = {
			isa = PBXGroup;
			children = (
				BF73A43E22C1E542001532ED /* WeatherApp.app */,
				BF73A45222C1E543001532ED /* WeatherAppTests.xctest */,
			);
			name = Products;
			sourceTree = "<group>";
		};
		BF73A44022C1E542001532ED /* WeatherApp */ = {
			isa = PBXGroup;
			children = (
				BF80C57522C5F2F6007ECE50 /* Views */,
				BF73A48122C207AB001532ED /* View Controllers */,
				BF80C57022C5E19F007ECE50 /* View Models */,
				BF73A46222C1E87C001532ED /* Models */,
				BF73A46122C1E86A001532ED /* Coordinators */,
				BF73A46322C1E887001532ED /* Network */,
				BF73A49222C2FAFA001532ED /* Extensions */,
				BF73A47322C200B6001532ED /* Storyboards */,
				BF73A47A22C201E6001532ED /* Utils */,
				BF73A44122C1E542001532ED /* AppDelegate.swift */,
				BF73A49922C36DD5001532ED /* WeatherResponseExample.json */,
				BF80C57A22C5FE12007ECE50 /* Assets.xcassets */,
				BF73A44D22C1E543001532ED /* Info.plist */,
			);
			path = WeatherApp;
			sourceTree = "<group>";
		};
		BF73A45522C1E544001532ED /* WeatherAppTests */ = {
			isa = PBXGroup;
			children = (
				BF73A45822C1E544001532ED /* Info.plist */,
				BF73A49722C36CF4001532ED /* WeatherModelTests.swift */,
				BF9940A022C387A700FD8B58 /* NetworkRouterTests.swift */,
				BF80C57322C5E1F7007ECE50 /* WeatherSearchViewModelTests.swift */,
				BF80C58E22C62E72007ECE50 /* WeatherDetailViewModelTests.swift */,
			);
			path = WeatherAppTests;
			sourceTree = "<group>";
		};
		BF73A46122C1E86A001532ED /* Coordinators */ = {
			isa = PBXGroup;
			children = (
				BF73A46F22C1FF9E001532ED /* Coordinator.swift */,
				BF73A47122C1FFAA001532ED /* AppCoordinator.swift */,
				BF73A48822C23A38001532ED /* WeatherSearchCoordinator.swift */,
				BF80C57C22C60348007ECE50 /* WeatherDetailCoordinator.swift */,
			);
			path = Coordinators;
			sourceTree = "<group>";
		};
		BF73A46222C1E87C001532ED /* Models */ = {
			isa = PBXGroup;
			children = (
				BF73A49322C2FC50001532ED /* Weather.swift */,
				BF99408A22C37C6400FD8B58 /* WeatherCondition.swift */,
				BF99408822C377E700FD8B58 /* WeatherDetail.swift */,
				BF73A49522C2FCDA001532ED /* Wind.swift */,
				BF99408022C373E800FD8B58 /* GeoLocation.swift */,
				BF99408222C375E400FD8B58 /* Clouds.swift */,
				BF99408422C376BF00FD8B58 /* Rain.swift */,
				BF99408622C3775A00FD8B58 /* Snow.swift */,
				BF80C58422C60911007ECE50 /* WeatherSearch.swift */,
			);
			path = Models;
			sourceTree = "<group>";
		};
		BF73A46322C1E887001532ED /* Network */ = {
			isa = PBXGroup;
			children = (
				BFC2866F22C5C8DE001BF8A9 /* Router */,
				BF4A98FB22C45E1E00C378EA /* EndPoint */,
				BF99409522C382C000FD8B58 /* Encoding */,
				BF99409022C37FA800FD8B58 /* Service */,
			);
			path = Network;
			sourceTree = "<group>";
		};
		BF73A47322C200B6001532ED /* Storyboards */ = {
			isa = PBXGroup;
			children = (
				BF73A44A22C1E543001532ED /* LaunchScreen.storyboard */,
				BF73A44522C1E542001532ED /* Main.storyboard */,
				BF73A48A22C23DD6001532ED /* Search.storyboard */,
				BF80C58222C605B3007ECE50 /* Detail.storyboard */,
			);
			path = Storyboards;
			sourceTree = "<group>";
		};
		BF73A47A22C201E6001532ED /* Utils */ = {
			isa = PBXGroup;
			children = (
				BF73A47D22C202C2001532ED /* StoryboardIdentifiable.swift */,
				BF80C58622C61450007ECE50 /* WeatherSearchHistoryStorage.swift */,
			);
			path = Utils;
			sourceTree = "<group>";
		};
		BF73A48122C207AB001532ED /* View Controllers */ = {
			isa = PBXGroup;
			children = (
				BF73A48622C23A18001532ED /* WeatherSearchTableViewController.swift */,
				BF80C58022C6059A007ECE50 /* WeatherDetailViewController.swift */,
			);
			path = "View Controllers";
			sourceTree = "<group>";
		};
		BF73A49222C2FAFA001532ED /* Extensions */ = {
			isa = PBXGroup;
			children = (
				BF73A47F22C2045F001532ED /* UIStoryboard+InstantiateViewController.swift */,
				BF73A48422C208F2001532ED /* UIViewController+StoryboardIdentifiable.swift */,
				BF80C58A22C62205007ECE50 /* CLLocationManager+LocationManager.swift */,
			);
			path = Extensions;
			sourceTree = "<group>";
		};
		BF80C57022C5E19F007ECE50 /* View Models */ = {
			isa = PBXGroup;
			children = (
				BF80C57122C5E1BF007ECE50 /* WeatherSearchViewModel.swift */,
				BF80C57E22C603EF007ECE50 /* WeatherDetailViewModel.swift */,
			);
			path = "View Models";
			sourceTree = "<group>";
		};
		BF80C57522C5F2F6007ECE50 /* Views */ = {
			isa = PBXGroup;
			children = (
				BF80C57622C5F335007ECE50 /* WeatherSearchTableViewCell.swift */,
				BF80C57722C5F335007ECE50 /* WeatherSearchTableViewCell.xib */,
			);
			path = Views;
			sourceTree = "<group>";
		};
		BF99409022C37FA800FD8B58 /* Service */ = {
			isa = PBXGroup;
			children = (
				BF99408C22C37F0300FD8B58 /* ServiceType.swift */,
				BF99408E22C37F8E00FD8B58 /* HTTPMethod.swift */,
				BF99409122C381D900FD8B58 /* HTTPTask.swift */,
				BF99409322C3828700FD8B58 /* HTTPHeaders.swift */,
				BF99409A22C383C300FD8B58 /* NetworkError.swift */,
				BFC2866922C5C43C001BF8A9 /* NetworkResponse.swift */,
			);
			path = Service;
			sourceTree = "<group>";
		};
		BF99409522C382C000FD8B58 /* Encoding */ = {
			isa = PBXGroup;
			children = (
				BF99409622C382D400FD8B58 /* Parameters.swift */,
				BF99409822C3836D00FD8B58 /* ParameterEncoder.swift */,
				BF99409C22C3840900FD8B58 /* URLParameterEncoder.swift */,
				BF9940AA22C3917A00FD8B58 /* JSONParameterEncoder.swift */,
			);
			path = Encoding;
			sourceTree = "<group>";
		};
		BFC2866F22C5C8DE001BF8A9 /* Router */ = {
			isa = PBXGroup;
			children = (
				BF9940A622C38C4100FD8B58 /* URLSessionProtocol.swift */,
				BFC2867422C5D438001BF8A9 /* URLSessionDataTaskProtocol.swift */,
				BF9940A222C3890700FD8B58 /* NetworkRoutable.swift */,
				BF9940A422C38A4400FD8B58 /* NetworkRouter.swift */,
			);
			path = Router;
			sourceTree = "<group>";
		};
/* End PBXGroup section */

/* Begin PBXNativeTarget section */
		BF73A43D22C1E542001532ED /* WeatherApp */ = {
			isa = PBXNativeTarget;
			buildConfigurationList = BF73A45B22C1E544001532ED /* Build configuration list for PBXNativeTarget "WeatherApp" */;
			buildPhases = (
				AEF722B6FB2C7E2D492C1555 /* [CP] Check Pods Manifest.lock */,
				BF73A43A22C1E542001532ED /* Sources */,
				BF73A43B22C1E542001532ED /* Frameworks */,
				BF73A43C22C1E542001532ED /* Resources */,
				F07DBE601B634E74D54F1C2E /* [CP] Embed Pods Frameworks */,
			);
			buildRules = (
			);
			dependencies = (
			);
			name = WeatherApp;
			productName = WeatherApp;
			productReference = BF73A43E22C1E542001532ED /* WeatherApp.app */;
			productType = "com.apple.product-type.application";
		};
		BF73A45122C1E543001532ED /* WeatherAppTests */ = {
			isa = PBXNativeTarget;
			buildConfigurationList = BF73A45E22C1E544001532ED /* Build configuration list for PBXNativeTarget "WeatherAppTests" */;
			buildPhases = (
				1A4B5A5ED23C885D2D0A8F5A /* [CP] Check Pods Manifest.lock */,
				BF73A44E22C1E543001532ED /* Sources */,
				BF73A44F22C1E543001532ED /* Frameworks */,
				BF73A45022C1E543001532ED /* Resources */,
			);
			buildRules = (
			);
			dependencies = (
				BF73A45422C1E543001532ED /* PBXTargetDependency */,
			);
			name = WeatherAppTests;
			productName = WeatherAppTests;
			productReference = BF73A45222C1E543001532ED /* WeatherAppTests.xctest */;
			productType = "com.apple.product-type.bundle.unit-test";
		};
/* End PBXNativeTarget section */

/* Begin PBXProject section */
		BF73A43622C1E542001532ED /* Project object */ = {
			isa = PBXProject;
			attributes = {
				LastSwiftUpdateCheck = 1020;
				LastUpgradeCheck = 1020;
				ORGANIZATIONNAME = "Jimmy Yeung";
				TargetAttributes = {
					BF73A43D22C1E542001532ED = {
						CreatedOnToolsVersion = 10.2.1;
					};
					BF73A45122C1E543001532ED = {
						CreatedOnToolsVersion = 10.2.1;
						TestTargetID = BF73A43D22C1E542001532ED;
					};
				};
			};
			buildConfigurationList = BF73A43922C1E542001532ED /* Build configuration list for PBXProject "WeatherApp" */;
			compatibilityVersion = "Xcode 9.3";
			developmentRegion = en;
			hasScannedForEncodings = 0;
			knownRegions = (
				en,
				Base,
			);
			mainGroup = BF73A43522C1E542001532ED;
			productRefGroup = BF73A43F22C1E542001532ED /* Products */;
			projectDirPath = "";
			projectRoot = "";
			targets = (
				BF73A43D22C1E542001532ED /* WeatherApp */,
				BF73A45122C1E543001532ED /* WeatherAppTests */,
			);
		};
/* End PBXProject section */

/* Begin PBXResourcesBuildPhase section */
		BF73A43C22C1E542001532ED /* Resources */ = {
			isa = PBXResourcesBuildPhase;
			buildActionMask = 2147483647;
			files = (
				BF73A44C22C1E543001532ED /* LaunchScreen.storyboard in Resources */,
				BF73A48B22C23DD6001532ED /* Search.storyboard in Resources */,
				BF80C57922C5F335007ECE50 /* WeatherSearchTableViewCell.xib in Resources */,
				BF80C57B22C5FE12007ECE50 /* Assets.xcassets in Resources */,
				BF80C58322C605B3007ECE50 /* Detail.storyboard in Resources */,
				BF73A49B22C36EFD001532ED /* WeatherResponseExample.json in Resources */,
				BF73A44722C1E542001532ED /* Main.storyboard in Resources */,
			);
			runOnlyForDeploymentPostprocessing = 0;
		};
		BF73A45022C1E543001532ED /* Resources */ = {
			isa = PBXResourcesBuildPhase;
			buildActionMask = 2147483647;
			files = (
			);
			runOnlyForDeploymentPostprocessing = 0;
		};
/* End PBXResourcesBuildPhase section */

/* Begin PBXShellScriptBuildPhase section */
		1A4B5A5ED23C885D2D0A8F5A /* [CP] Check Pods Manifest.lock */ = {
			isa = PBXShellScriptBuildPhase;
			buildActionMask = 2147483647;
			files = (
			);
			inputFileListPaths = (
			);
			inputPaths = (
				"${PODS_PODFILE_DIR_PATH}/Podfile.lock",
				"${PODS_ROOT}/Manifest.lock",
			);
			name = "[CP] Check Pods Manifest.lock";
			outputFileListPaths = (
			);
			outputPaths = (
				"$(DERIVED_FILE_DIR)/Pods-WeatherAppTests-checkManifestLockResult.txt",
			);
			runOnlyForDeploymentPostprocessing = 0;
			shellPath = /bin/sh;
			shellScript = "diff \"${PODS_PODFILE_DIR_PATH}/Podfile.lock\" \"${PODS_ROOT}/Manifest.lock\" > /dev/null\nif [ $? != 0 ] ; then\n    # print error to STDERR\n    echo \"error: The sandbox is not in sync with the Podfile.lock. Run 'pod install' or update your CocoaPods installation.\" >&2\n    exit 1\nfi\n# This output is used by Xcode 'outputs' to avoid re-running this script phase.\necho \"SUCCESS\" > \"${SCRIPT_OUTPUT_FILE_0}\"\n";
			showEnvVarsInLog = 0;
		};
		AEF722B6FB2C7E2D492C1555 /* [CP] Check Pods Manifest.lock */ = {
			isa = PBXShellScriptBuildPhase;
			buildActionMask = 2147483647;
			files = (
			);
			inputFileListPaths = (
			);
			inputPaths = (
				"${PODS_PODFILE_DIR_PATH}/Podfile.lock",
				"${PODS_ROOT}/Manifest.lock",
			);
			name = "[CP] Check Pods Manifest.lock";
			outputFileListPaths = (
			);
			outputPaths = (
				"$(DERIVED_FILE_DIR)/Pods-WeatherApp-checkManifestLockResult.txt",
			);
			runOnlyForDeploymentPostprocessing = 0;
			shellPath = /bin/sh;
			shellScript = "diff \"${PODS_PODFILE_DIR_PATH}/Podfile.lock\" \"${PODS_ROOT}/Manifest.lock\" > /dev/null\nif [ $? != 0 ] ; then\n    # print error to STDERR\n    echo \"error: The sandbox is not in sync with the Podfile.lock. Run 'pod install' or update your CocoaPods installation.\" >&2\n    exit 1\nfi\n# This output is used by Xcode 'outputs' to avoid re-running this script phase.\necho \"SUCCESS\" > \"${SCRIPT_OUTPUT_FILE_0}\"\n";
			showEnvVarsInLog = 0;
		};
		F07DBE601B634E74D54F1C2E /* [CP] Embed Pods Frameworks */ = {
			isa = PBXShellScriptBuildPhase;
			buildActionMask = 2147483647;
			files = (
			);
			inputFileListPaths = (
			);
			inputPaths = (
				"${PODS_ROOT}/Target Support Files/Pods-WeatherApp/Pods-WeatherApp-frameworks.sh",
				"${BUILT_PRODUCTS_DIR}/DeckTransition/DeckTransition.framework",
			);
			name = "[CP] Embed Pods Frameworks";
			outputFileListPaths = (
			);
			outputPaths = (
				"${TARGET_BUILD_DIR}/${FRAMEWORKS_FOLDER_PATH}/DeckTransition.framework",
			);
			runOnlyForDeploymentPostprocessing = 0;
			shellPath = /bin/sh;
			shellScript = "\"${PODS_ROOT}/Target Support Files/Pods-WeatherApp/Pods-WeatherApp-frameworks.sh\"\n";
			showEnvVarsInLog = 0;
		};
/* End PBXShellScriptBuildPhase section */

/* Begin PBXSourcesBuildPhase section */
		BF73A43A22C1E542001532ED /* Sources */ = {
			isa = PBXSourcesBuildPhase;
			buildActionMask = 2147483647;
			files = (
				BF9940A722C38C4100FD8B58 /* URLSessionProtocol.swift in Sources */,
				BFC2867522C5D438001BF8A9 /* URLSessionDataTaskProtocol.swift in Sources */,
				BF73A47022C1FF9E001532ED /* Coordinator.swift in Sources */,
				BF99408F22C37F8E00FD8B58 /* HTTPMethod.swift in Sources */,
				BF73A48922C23A38001532ED /* WeatherSearchCoordinator.swift in Sources */,
				BF73A47222C1FFAA001532ED /* AppCoordinator.swift in Sources */,
				BF99409422C3828700FD8B58 /* HTTPHeaders.swift in Sources */,
				BF99408122C373E800FD8B58 /* GeoLocation.swift in Sources */,
				BF73A49422C2FC50001532ED /* Weather.swift in Sources */,
				BF99409D22C3840900FD8B58 /* URLParameterEncoder.swift in Sources */,
				BF73A48022C2045F001532ED /* UIStoryboard+InstantiateViewController.swift in Sources */,
				BF99408B22C37C6400FD8B58 /* WeatherCondition.swift in Sources */,
				BF73A48722C23A18001532ED /* WeatherSearchTableViewController.swift in Sources */,
				BF9940A322C3890700FD8B58 /* NetworkRoutable.swift in Sources */,
				BF80C58522C60911007ECE50 /* WeatherSearch.swift in Sources */,
				BFC2866A22C5C43C001BF8A9 /* NetworkResponse.swift in Sources */,
				BF99408322C375E400FD8B58 /* Clouds.swift in Sources */,
				BF9940AB22C3917A00FD8B58 /* JSONParameterEncoder.swift in Sources */,
				BF99409922C3836D00FD8B58 /* ParameterEncoder.swift in Sources */,
				BF80C58122C6059A007ECE50 /* WeatherDetailViewController.swift in Sources */,
				BF73A47E22C202C2001532ED /* StoryboardIdentifiable.swift in Sources */,
				BF9940A522C38A4400FD8B58 /* NetworkRouter.swift in Sources */,
				BF73A48522C208F2001532ED /* UIViewController+StoryboardIdentifiable.swift in Sources */,
				BF80C57F22C603EF007ECE50 /* WeatherDetailViewModel.swift in Sources */,
				BF80C57822C5F335007ECE50 /* WeatherSearchTableViewCell.swift in Sources */,
				BF80C57222C5E1BF007ECE50 /* WeatherSearchViewModel.swift in Sources */,
				BF73A44222C1E542001532ED /* AppDelegate.swift in Sources */,
				BF80C57D22C60348007ECE50 /* WeatherDetailCoordinator.swift in Sources */,
				BF99408722C3775A00FD8B58 /* Snow.swift in Sources */,
				BF99408922C377E700FD8B58 /* WeatherDetail.swift in Sources */,
				BF99409222C381D900FD8B58 /* HTTPTask.swift in Sources */,
				BF73A49622C2FCDA001532ED /* Wind.swift in Sources */,
				BF80C58B22C62205007ECE50 /* CLLocationManager+LocationManager.swift in Sources */,
				BF99408522C376BF00FD8B58 /* Rain.swift in Sources */,
				BF99409B22C383C300FD8B58 /* NetworkError.swift in Sources */,
				BF4A98FD22C4692400C378EA /* WeatherApi.swift in Sources */,
				BF80C58722C61450007ECE50 /* WeatherSearchHistoryStorage.swift in Sources */,
				BF99408D22C37F0300FD8B58 /* ServiceType.swift in Sources */,
				BF99409722C382D400FD8B58 /* Parameters.swift in Sources */,
			);
			runOnlyForDeploymentPostprocessing = 0;
		};
		BF73A44E22C1E543001532ED /* Sources */ = {
			isa = PBXSourcesBuildPhase;
			buildActionMask = 2147483647;
			files = (
				BF73A49822C36CF4001532ED /* WeatherModelTests.swift in Sources */,
				BF80C57422C5E1F7007ECE50 /* WeatherSearchViewModelTests.swift in Sources */,
				BF80C58F22C62E72007ECE50 /* WeatherDetailViewModelTests.swift in Sources */,
				BF9940A122C387A700FD8B58 /* NetworkRouterTests.swift in Sources */,
			);
			runOnlyForDeploymentPostprocessing = 0;
		};
/* End PBXSourcesBuildPhase section */

/* Begin PBXTargetDependency section */
		BF73A45422C1E543001532ED /* PBXTargetDependency */ = {
			isa = PBXTargetDependency;
			target = BF73A43D22C1E542001532ED /* WeatherApp */;
			targetProxy = BF73A45322C1E543001532ED /* PBXContainerItemProxy */;
		};
/* End PBXTargetDependency section */

/* Begin PBXVariantGroup section */
		BF73A44522C1E542001532ED /* Main.storyboard */ = {
			isa = PBXVariantGroup;
			children = (
				BF73A44622C1E542001532ED /* Base */,
			);
			name = Main.storyboard;
			sourceTree = "<group>";
		};
		BF73A44A22C1E543001532ED /* LaunchScreen.storyboard */ = {
			isa = PBXVariantGroup;
			children = (
				BF73A44B22C1E543001532ED /* Base */,
			);
			name = LaunchScreen.storyboard;
			sourceTree = "<group>";
		};
/* End PBXVariantGroup section */

/* Begin XCBuildConfiguration section */
		BF73A45922C1E544001532ED /* Debug */ = {
			isa = XCBuildConfiguration;
			buildSettings = {
				ALWAYS_SEARCH_USER_PATHS = NO;
				CLANG_ANALYZER_NONNULL = YES;
				CLANG_ANALYZER_NUMBER_OBJECT_CONVERSION = YES_AGGRESSIVE;
				CLANG_CXX_LANGUAGE_STANDARD = "gnu++14";
				CLANG_CXX_LIBRARY = "libc++";
				CLANG_ENABLE_MODULES = YES;
				CLANG_ENABLE_OBJC_ARC = YES;
				CLANG_ENABLE_OBJC_WEAK = YES;
				CLANG_WARN_BLOCK_CAPTURE_AUTORELEASING = YES;
				CLANG_WARN_BOOL_CONVERSION = YES;
				CLANG_WARN_COMMA = YES;
				CLANG_WARN_CONSTANT_CONVERSION = YES;
				CLANG_WARN_DEPRECATED_OBJC_IMPLEMENTATIONS = YES;
				CLANG_WARN_DIRECT_OBJC_ISA_USAGE = YES_ERROR;
				CLANG_WARN_DOCUMENTATION_COMMENTS = YES;
				CLANG_WARN_EMPTY_BODY = YES;
				CLANG_WARN_ENUM_CONVERSION = YES;
				CLANG_WARN_INFINITE_RECURSION = YES;
				CLANG_WARN_INT_CONVERSION = YES;
				CLANG_WARN_NON_LITERAL_NULL_CONVERSION = YES;
				CLANG_WARN_OBJC_IMPLICIT_RETAIN_SELF = YES;
				CLANG_WARN_OBJC_LITERAL_CONVERSION = YES;
				CLANG_WARN_OBJC_ROOT_CLASS = YES_ERROR;
				CLANG_WARN_RANGE_LOOP_ANALYSIS = YES;
				CLANG_WARN_STRICT_PROTOTYPES = YES;
				CLANG_WARN_SUSPICIOUS_MOVE = YES;
				CLANG_WARN_UNGUARDED_AVAILABILITY = YES_AGGRESSIVE;
				CLANG_WARN_UNREACHABLE_CODE = YES;
				CLANG_WARN__DUPLICATE_METHOD_MATCH = YES;
				CODE_SIGN_IDENTITY = "iPhone Developer";
				COPY_PHASE_STRIP = NO;
				DEBUG_INFORMATION_FORMAT = dwarf;
				ENABLE_STRICT_OBJC_MSGSEND = YES;
				ENABLE_TESTABILITY = YES;
				GCC_C_LANGUAGE_STANDARD = gnu11;
				GCC_DYNAMIC_NO_PIC = NO;
				GCC_NO_COMMON_BLOCKS = YES;
				GCC_OPTIMIZATION_LEVEL = 0;
				GCC_PREPROCESSOR_DEFINITIONS = (
					"DEBUG=1",
					"$(inherited)",
				);
				GCC_WARN_64_TO_32_BIT_CONVERSION = YES;
				GCC_WARN_ABOUT_RETURN_TYPE = YES_ERROR;
				GCC_WARN_UNDECLARED_SELECTOR = YES;
				GCC_WARN_UNINITIALIZED_AUTOS = YES_AGGRESSIVE;
				GCC_WARN_UNUSED_FUNCTION = YES;
				GCC_WARN_UNUSED_VARIABLE = YES;
				IPHONEOS_DEPLOYMENT_TARGET = 12.2;
				MTL_ENABLE_DEBUG_INFO = INCLUDE_SOURCE;
				MTL_FAST_MATH = YES;
				ONLY_ACTIVE_ARCH = YES;
				SDKROOT = iphoneos;
				SWIFT_ACTIVE_COMPILATION_CONDITIONS = DEBUG;
				SWIFT_OPTIMIZATION_LEVEL = "-Onone";
			};
			name = Debug;
		};
		BF73A45A22C1E544001532ED /* Release */ = {
			isa = XCBuildConfiguration;
			buildSettings = {
				ALWAYS_SEARCH_USER_PATHS = NO;
				CLANG_ANALYZER_NONNULL = YES;
				CLANG_ANALYZER_NUMBER_OBJECT_CONVERSION = YES_AGGRESSIVE;
				CLANG_CXX_LANGUAGE_STANDARD = "gnu++14";
				CLANG_CXX_LIBRARY = "libc++";
				CLANG_ENABLE_MODULES = YES;
				CLANG_ENABLE_OBJC_ARC = YES;
				CLANG_ENABLE_OBJC_WEAK = YES;
				CLANG_WARN_BLOCK_CAPTURE_AUTORELEASING = YES;
				CLANG_WARN_BOOL_CONVERSION = YES;
				CLANG_WARN_COMMA = YES;
				CLANG_WARN_CONSTANT_CONVERSION = YES;
				CLANG_WARN_DEPRECATED_OBJC_IMPLEMENTATIONS = YES;
				CLANG_WARN_DIRECT_OBJC_ISA_USAGE = YES_ERROR;
				CLANG_WARN_DOCUMENTATION_COMMENTS = YES;
				CLANG_WARN_EMPTY_BODY = YES;
				CLANG_WARN_ENUM_CONVERSION = YES;
				CLANG_WARN_INFINITE_RECURSION = YES;
				CLANG_WARN_INT_CONVERSION = YES;
				CLANG_WARN_NON_LITERAL_NULL_CONVERSION = YES;
				CLANG_WARN_OBJC_IMPLICIT_RETAIN_SELF = YES;
				CLANG_WARN_OBJC_LITERAL_CONVERSION = YES;
				CLANG_WARN_OBJC_ROOT_CLASS = YES_ERROR;
				CLANG_WARN_RANGE_LOOP_ANALYSIS = YES;
				CLANG_WARN_STRICT_PROTOTYPES = YES;
				CLANG_WARN_SUSPICIOUS_MOVE = YES;
				CLANG_WARN_UNGUARDED_AVAILABILITY = YES_AGGRESSIVE;
				CLANG_WARN_UNREACHABLE_CODE = YES;
				CLANG_WARN__DUPLICATE_METHOD_MATCH = YES;
				CODE_SIGN_IDENTITY = "iPhone Developer";
				COPY_PHASE_STRIP = NO;
				DEBUG_INFORMATION_FORMAT = "dwarf-with-dsym";
				ENABLE_NS_ASSERTIONS = NO;
				ENABLE_STRICT_OBJC_MSGSEND = YES;
				GCC_C_LANGUAGE_STANDARD = gnu11;
				GCC_NO_COMMON_BLOCKS = YES;
				GCC_WARN_64_TO_32_BIT_CONVERSION = YES;
				GCC_WARN_ABOUT_RETURN_TYPE = YES_ERROR;
				GCC_WARN_UNDECLARED_SELECTOR = YES;
				GCC_WARN_UNINITIALIZED_AUTOS = YES_AGGRESSIVE;
				GCC_WARN_UNUSED_FUNCTION = YES;
				GCC_WARN_UNUSED_VARIABLE = YES;
				IPHONEOS_DEPLOYMENT_TARGET = 12.2;
				MTL_ENABLE_DEBUG_INFO = NO;
				MTL_FAST_MATH = YES;
				SDKROOT = iphoneos;
				SWIFT_COMPILATION_MODE = wholemodule;
				SWIFT_OPTIMIZATION_LEVEL = "-O";
				VALIDATE_PRODUCT = YES;
			};
			name = Release;
		};
		BF73A45C22C1E544001532ED /* Debug */ = {
			isa = XCBuildConfiguration;
			baseConfigurationReference = 0077455D7B6B02C36EE1B770 /* Pods-WeatherApp.debug.xcconfig */;
			buildSettings = {
				ASSETCATALOG_COMPILER_APPICON_NAME = AppIcon;
				CODE_SIGN_STYLE = Automatic;
				DEVELOPMENT_TEAM = 3Z3YZ97M6M;
				INFOPLIST_FILE = WeatherApp/Info.plist;
				IPHONEOS_DEPLOYMENT_TARGET = 12.0;
				LD_RUNPATH_SEARCH_PATHS = (
					"$(inherited)",
					"@executable_path/Frameworks",
				);
				PRODUCT_BUNDLE_IDENTIFIER = com.JimmyYeung.WeatherApp;
				PRODUCT_NAME = "$(TARGET_NAME)";
				SWIFT_VERSION = 5.0;
				TARGETED_DEVICE_FAMILY = "1,2";
			};
			name = Debug;
		};
		BF73A45D22C1E544001532ED /* Release */ = {
			isa = XCBuildConfiguration;
			baseConfigurationReference = D7EB6E4F5F4DCC6D1029BBFF /* Pods-WeatherApp.release.xcconfig */;
			buildSettings = {
				ASSETCATALOG_COMPILER_APPICON_NAME = AppIcon;
				CODE_SIGN_STYLE = Automatic;
				DEVELOPMENT_TEAM = 3Z3YZ97M6M;
				INFOPLIST_FILE = WeatherApp/Info.plist;
				IPHONEOS_DEPLOYMENT_TARGET = 12.0;
				LD_RUNPATH_SEARCH_PATHS = (
					"$(inherited)",
					"@executable_path/Frameworks",
				);
				PRODUCT_BUNDLE_IDENTIFIER = com.JimmyYeung.WeatherApp;
				PRODUCT_NAME = "$(TARGET_NAME)";
				SWIFT_VERSION = 5.0;
				TARGETED_DEVICE_FAMILY = "1,2";
			};
			name = Release;
		};
		BF73A45F22C1E544001532ED /* Debug */ = {
			isa = XCBuildConfiguration;
			baseConfigurationReference = 0726581620AA3FB583313A32 /* Pods-WeatherAppTests.debug.xcconfig */;
			buildSettings = {
				ALWAYS_EMBED_SWIFT_STANDARD_LIBRARIES = YES;
				BUNDLE_LOADER = "$(TEST_HOST)";
				CODE_SIGN_STYLE = Automatic;
				DEVELOPMENT_TEAM = 3Z3YZ97M6M;
				INFOPLIST_FILE = WeatherAppTests/Info.plist;
				LD_RUNPATH_SEARCH_PATHS = (
					"$(inherited)",
					"@executable_path/Frameworks",
					"@loader_path/Frameworks",
				);
				PRODUCT_BUNDLE_IDENTIFIER = com.JimmyYeung.WeatherAppTests;
				PRODUCT_NAME = "$(TARGET_NAME)";
				SWIFT_VERSION = 5.0;
				TARGETED_DEVICE_FAMILY = "1,2";
				TEST_HOST = "$(BUILT_PRODUCTS_DIR)/WeatherApp.app/WeatherApp";
			};
			name = Debug;
		};
		BF73A46022C1E544001532ED /* Release */ = {
			isa = XCBuildConfiguration;
			baseConfigurationReference = 3464A0D1C926B7AA3CDEC4FA /* Pods-WeatherAppTests.release.xcconfig */;
			buildSettings = {
				ALWAYS_EMBED_SWIFT_STANDARD_LIBRARIES = YES;
				BUNDLE_LOADER = "$(TEST_HOST)";
				CODE_SIGN_STYLE = Automatic;
				DEVELOPMENT_TEAM = 3Z3YZ97M6M;
				INFOPLIST_FILE = WeatherAppTests/Info.plist;
				LD_RUNPATH_SEARCH_PATHS = (
					"$(inherited)",
					"@executable_path/Frameworks",
					"@loader_path/Frameworks",
				);
				PRODUCT_BUNDLE_IDENTIFIER = com.JimmyYeung.WeatherAppTests;
				PRODUCT_NAME = "$(TARGET_NAME)";
				SWIFT_VERSION = 5.0;
				TARGETED_DEVICE_FAMILY = "1,2";
				TEST_HOST = "$(BUILT_PRODUCTS_DIR)/WeatherApp.app/WeatherApp";
			};
			name = Release;
		};
/* End XCBuildConfiguration section */

/* Begin XCConfigurationList section */
		BF73A43922C1E542001532ED /* Build configuration list for PBXProject "WeatherApp" */ = {
			isa = XCConfigurationList;
			buildConfigurations = (
				BF73A45922C1E544001532ED /* Debug */,
				BF73A45A22C1E544001532ED /* Release */,
			);
			defaultConfigurationIsVisible = 0;
			defaultConfigurationName = Release;
		};
		BF73A45B22C1E544001532ED /* Build configuration list for PBXNativeTarget "WeatherApp" */ = {
			isa = XCConfigurationList;
			buildConfigurations = (
				BF73A45C22C1E544001532ED /* Debug */,
				BF73A45D22C1E544001532ED /* Release */,
			);
			defaultConfigurationIsVisible = 0;
			defaultConfigurationName = Release;
		};
		BF73A45E22C1E544001532ED /* Build configuration list for PBXNativeTarget "WeatherAppTests" */ = {
			isa = XCConfigurationList;
			buildConfigurations = (
				BF73A45F22C1E544001532ED /* Debug */,
				BF73A46022C1E544001532ED /* Release */,
			);
			defaultConfigurationIsVisible = 0;
			defaultConfigurationName = Release;
		};
/* End XCConfigurationList section */
	};
	rootObject = BF73A43622C1E542001532ED /* Project object */;
}
